// !$*UTF8*$!
{
	archiveVersion = 1;
	classes = {
	};
	objectVersion = 50;
	objects = {

/* Begin PBXBuildFile section */
		79189E00274672900023628A /* Logger.swift in Sources */ = {isa = PBXBuildFile; fileRef = 79189DFF274672900023628A /* Logger.swift */; };
		79194A62275BA729003E2539 /* Constants.swift in Sources */ = {isa = PBXBuildFile; fileRef = 79194A61275BA729003E2539 /* Constants.swift */; };
		79194A67275BABE5003E2539 /* PrintingOptionsManager.swift in Sources */ = {isa = PBXBuildFile; fileRef = 79194A66275BABE5003E2539 /* PrintingOptionsManager.swift */; };
		79194A6A275BAE24003E2539 /* PrinterPickerManager.swift in Sources */ = {isa = PBXBuildFile; fileRef = 79194A69275BAE24003E2539 /* PrinterPickerManager.swift */; };
		79194A6E275BD568003E2539 /* PDFEditManager.swift in Sources */ = {isa = PBXBuildFile; fileRef = 79194A6D275BD568003E2539 /* PDFEditManager.swift */; };
		79194A74275BDA43003E2539 /* FileManager+Extensions.swift in Sources */ = {isa = PBXBuildFile; fileRef = 79194A73275BDA43003E2539 /* FileManager+Extensions.swift */; };
		79280E44274BD57D001768A2 /* UIViewController+Extensions.swift in Sources */ = {isa = PBXBuildFile; fileRef = 79280E43274BD57D001768A2 /* UIViewController+Extensions.swift */; };
		792D661127552DE300063F4B /* CameraScanManager.swift in Sources */ = {isa = PBXBuildFile; fileRef = 792D661027552DE300063F4B /* CameraScanManager.swift */; };
		792D66152755394000063F4B /* PhotoalbumManager.swift in Sources */ = {isa = PBXBuildFile; fileRef = 792D66142755394000063F4B /* PhotoalbumManager.swift */; };
		792D661827553D6D00063F4B /* CloudFilesManager.swift in Sources */ = {isa = PBXBuildFile; fileRef = 792D661727553D6D00063F4B /* CloudFilesManager.swift */; };
		793ADF552754DFAE00F58923 /* UserSession.swift in Sources */ = {isa = PBXBuildFile; fileRef = 793ADF542754DFAE00F58923 /* UserSession.swift */; };
		793ADF5D2754E36100F58923 /* HomeScreenMenuCoordinator.swift in Sources */ = {isa = PBXBuildFile; fileRef = 793ADF592754E36100F58923 /* HomeScreenMenuCoordinator.swift */; };
		793ADF5E2754E36100F58923 /* HomeScreenMenuViewController.swift in Sources */ = {isa = PBXBuildFile; fileRef = 793ADF5A2754E36100F58923 /* HomeScreenMenuViewController.swift */; };
		793ADF5F2754E36100F58923 /* HomeScreenMenuViewModel.swift in Sources */ = {isa = PBXBuildFile; fileRef = 793ADF5B2754E36100F58923 /* HomeScreenMenuViewModel.swift */; };
		793ADF602754E36100F58923 /* HomeScreenMenuViewController.xib in Resources */ = {isa = PBXBuildFile; fileRef = 793ADF5C2754E36100F58923 /* HomeScreenMenuViewController.xib */; };
		7940AC862754F7890028B45F /* UIButton+Extensions.swift in Sources */ = {isa = PBXBuildFile; fileRef = 7940AC852754F7890028B45F /* UIButton+Extensions.swift */; };
		79416D362759943000262593 /* Date+Extensions.swift in Sources */ = {isa = PBXBuildFile; fileRef = 79416D352759943000262593 /* Date+Extensions.swift */; };
		79480AD7275AE5A100A5A8E1 /* WebpageManager.swift in Sources */ = {isa = PBXBuildFile; fileRef = 796B1AD1275A0973005864B0 /* WebpageManager.swift */; };
		794DDDF1274D50FF00CF8255 /* ApplicationGlobalConfig.swift in Sources */ = {isa = PBXBuildFile; fileRef = 794DDDF0274D50FF00CF8255 /* ApplicationGlobalConfig.swift */; };
		794F73E02746B31D00B07410 /* MarketBoardDisplayManager.swift in Sources */ = {isa = PBXBuildFile; fileRef = 794F73DF2746B31D00B07410 /* MarketBoardDisplayManager.swift */; };
		794F73E92746B36900B07410 /* UIView+Extensions.swift in Sources */ = {isa = PBXBuildFile; fileRef = 794F73E22746B36800B07410 /* UIView+Extensions.swift */; };
		794F73EA2746B36900B07410 /* Collection+Extensions.swift in Sources */ = {isa = PBXBuildFile; fileRef = 794F73E32746B36900B07410 /* Collection+Extensions.swift */; };
		794F73EB2746B36900B07410 /* UIBarButtonItem+Extensions.swift in Sources */ = {isa = PBXBuildFile; fileRef = 794F73E42746B36900B07410 /* UIBarButtonItem+Extensions.swift */; };
		794F73EC2746B36900B07410 /* UICollectionView+Extensions.swift in Sources */ = {isa = PBXBuildFile; fileRef = 794F73E52746B36900B07410 /* UICollectionView+Extensions.swift */; };
		794F73ED2746B36900B07410 /* Publisher+Extensions.swift in Sources */ = {isa = PBXBuildFile; fileRef = 794F73E62746B36900B07410 /* Publisher+Extensions.swift */; };
		794F73EE2746B36900B07410 /* KeyedDecodingContainer+Extensions.swift in Sources */ = {isa = PBXBuildFile; fileRef = 794F73E72746B36900B07410 /* KeyedDecodingContainer+Extensions.swift */; };
		794F73EF2746B36900B07410 /* UIControl+Extensions.swift in Sources */ = {isa = PBXBuildFile; fileRef = 794F73E82746B36900B07410 /* UIControl+Extensions.swift */; };
		795A1CB8275D12650097FA6E /* UIColor+Extensions.swift in Sources */ = {isa = PBXBuildFile; fileRef = 795A1CB7275D12650097FA6E /* UIColor+Extensions.swift */; };
		7963FC4227466F6F007B8449 /* ApplicationCoordinator.swift in Sources */ = {isa = PBXBuildFile; fileRef = 7963FC4127466F6F007B8449 /* ApplicationCoordinator.swift */; };
		7963FC4627466FAD007B8449 /* CoordinatorProtocol.swift in Sources */ = {isa = PBXBuildFile; fileRef = 7963FC4527466FAD007B8449 /* CoordinatorProtocol.swift */; };
		79697CD6275AF1FC0056B0B0 /* WebpageViewController.swift in Sources */ = {isa = PBXBuildFile; fileRef = 79697CD2275AF1FC0056B0B0 /* WebpageViewController.swift */; };
		79697CD8275AF1FC0056B0B0 /* WebpageViewController.xib in Resources */ = {isa = PBXBuildFile; fileRef = 79697CD4275AF1FC0056B0B0 /* WebpageViewController.xib */; };
		796B1AD6275A127F005864B0 /* ColorPalette.swift in Sources */ = {isa = PBXBuildFile; fileRef = 796B1AD5275A127F005864B0 /* ColorPalette.swift */; };
		796B1AD9275A12A0005864B0 /* Typealias.swift in Sources */ = {isa = PBXBuildFile; fileRef = 796B1AD8275A12A0005864B0 /* Typealias.swift */; };
		79763582274E88B9001D2155 /* InteractionFeedbackService.swift in Sources */ = {isa = PBXBuildFile; fileRef = 79763581274E88B9001D2155 /* InteractionFeedbackService.swift */; };
		7983ECCC275092AF00B5C2AF /* PDFService.swift in Sources */ = {isa = PBXBuildFile; fileRef = 7983ECCB275092AF00B5C2AF /* PDFService.swift */; };
		7997DE352753F82A00B33300 /* Poppins-ExtraLight.otf in Resources */ = {isa = PBXBuildFile; fileRef = 7997DE2F2753F82A00B33300 /* Poppins-ExtraLight.otf */; };
		7997DE362753F82A00B33300 /* Poppins-Light.otf in Resources */ = {isa = PBXBuildFile; fileRef = 7997DE302753F82A00B33300 /* Poppins-Light.otf */; };
		7997DE372753F82A00B33300 /* Poppins-Medium.otf in Resources */ = {isa = PBXBuildFile; fileRef = 7997DE312753F82A00B33300 /* Poppins-Medium.otf */; };
		7997DE382753F82A00B33300 /* Poppins-SemiBold.otf in Resources */ = {isa = PBXBuildFile; fileRef = 7997DE322753F82A00B33300 /* Poppins-SemiBold.otf */; };
		7997DE392753F82A00B33300 /* Poppins-Regular.otf in Resources */ = {isa = PBXBuildFile; fileRef = 7997DE332753F82A00B33300 /* Poppins-Regular.otf */; };
		79A725A62750BE3B00D8B330 /* HomeCollectionManager.swift in Sources */ = {isa = PBXBuildFile; fileRef = 79A725A52750BE3B00D8B330 /* HomeCollectionManager.swift */; };
		79A725AA2750BEA200D8B330 /* ResultPreviewSection.swift in Sources */ = {isa = PBXBuildFile; fileRef = 79A725A92750BEA200D8B330 /* ResultPreviewSection.swift */; };
		79A725B12750C41700D8B330 /* ResultPreviewCollectionCell.swift in Sources */ = {isa = PBXBuildFile; fileRef = 79A725AF2750C41700D8B330 /* ResultPreviewCollectionCell.swift */; };
		79A725B22750C41700D8B330 /* ResultPreviewCollectionCell.xib in Resources */ = {isa = PBXBuildFile; fileRef = 79A725B02750C41700D8B330 /* ResultPreviewCollectionCell.xib */; };
		79A725B72750C6C900D8B330 /* PrintableDataBox.swift in Sources */ = {isa = PBXBuildFile; fileRef = 79A725B62750C6C900D8B330 /* PrintableDataBox.swift */; };
		79B576FA2754EC76006969F5 /* StylingConstants.swift in Sources */ = {isa = PBXBuildFile; fileRef = 79B576F92754EC76006969F5 /* StylingConstants.swift */; };
		79B787B52750B1E4009D7655 /* OnboardingCoordinator.swift in Sources */ = {isa = PBXBuildFile; fileRef = 79B787B12750B1E4009D7655 /* OnboardingCoordinator.swift */; };
		79B787B62750B1E4009D7655 /* OnboardingViewController.swift in Sources */ = {isa = PBXBuildFile; fileRef = 79B787B22750B1E4009D7655 /* OnboardingViewController.swift */; };
		79B787B72750B1E4009D7655 /* OnboardingViewModel.swift in Sources */ = {isa = PBXBuildFile; fileRef = 79B787B32750B1E4009D7655 /* OnboardingViewModel.swift */; };
		79B787B82750B1E4009D7655 /* OnboardingViewController.xib in Resources */ = {isa = PBXBuildFile; fileRef = 79B787B42750B1E4009D7655 /* OnboardingViewController.xib */; };
		79B787C12750B21D009D7655 /* AppSubscriptionCoordinator.swift in Sources */ = {isa = PBXBuildFile; fileRef = 79B787BD2750B21D009D7655 /* AppSubscriptionCoordinator.swift */; };
		79B787C22750B21D009D7655 /* AppSubscriptionViewController.swift in Sources */ = {isa = PBXBuildFile; fileRef = 79B787BE2750B21D009D7655 /* AppSubscriptionViewController.swift */; };
		79B787C32750B21D009D7655 /* AppSubscriptionViewModel.swift in Sources */ = {isa = PBXBuildFile; fileRef = 79B787BF2750B21D009D7655 /* AppSubscriptionViewModel.swift */; };
		79B787C42750B21D009D7655 /* AppSubscriptionViewController.xib in Resources */ = {isa = PBXBuildFile; fileRef = 79B787C02750B21D009D7655 /* AppSubscriptionViewController.xib */; };
		79B787CB2750B250009D7655 /* PrintingOptionsCoordinator.swift in Sources */ = {isa = PBXBuildFile; fileRef = 79B787C72750B250009D7655 /* PrintingOptionsCoordinator.swift */; };
		79B787CC2750B250009D7655 /* PrintingOptionsViewController.swift in Sources */ = {isa = PBXBuildFile; fileRef = 79B787C82750B250009D7655 /* PrintingOptionsViewController.swift */; };
		79B787CD2750B250009D7655 /* PrintingOptionsViewModel.swift in Sources */ = {isa = PBXBuildFile; fileRef = 79B787C92750B250009D7655 /* PrintingOptionsViewModel.swift */; };
		79B787CE2750B250009D7655 /* PrintingOptionsViewController.xib in Resources */ = {isa = PBXBuildFile; fileRef = 79B787CA2750B250009D7655 /* PrintingOptionsViewController.xib */; };
		79B787DF2750B2FD009D7655 /* SettingsCoordinator.swift in Sources */ = {isa = PBXBuildFile; fileRef = 79B787DB2750B2FD009D7655 /* SettingsCoordinator.swift */; };
		79B787E02750B2FD009D7655 /* SettingsViewController.swift in Sources */ = {isa = PBXBuildFile; fileRef = 79B787DC2750B2FD009D7655 /* SettingsViewController.swift */; };
		79B787E12750B2FD009D7655 /* SettingsViewModel.swift in Sources */ = {isa = PBXBuildFile; fileRef = 79B787DD2750B2FD009D7655 /* SettingsViewModel.swift */; };
		79B787E22750B2FD009D7655 /* SettingsViewController.xib in Resources */ = {isa = PBXBuildFile; fileRef = 79B787DE2750B2FD009D7655 /* SettingsViewController.xib */; };
		79B787F62750B429009D7655 /* HomeScreenCoordinator.swift in Sources */ = {isa = PBXBuildFile; fileRef = 79B787F22750B429009D7655 /* HomeScreenCoordinator.swift */; };
		79B787F72750B429009D7655 /* HomeScreenViewController.swift in Sources */ = {isa = PBXBuildFile; fileRef = 79B787F32750B429009D7655 /* HomeScreenViewController.swift */; };
		79B787F82750B429009D7655 /* HomeScreenViewModel.swift in Sources */ = {isa = PBXBuildFile; fileRef = 79B787F42750B429009D7655 /* HomeScreenViewModel.swift */; };
		79B787F92750B429009D7655 /* HomeScreenViewController.xib in Resources */ = {isa = PBXBuildFile; fileRef = 79B787F52750B429009D7655 /* HomeScreenViewController.xib */; };
		79B788032750B55C009D7655 /* EditScreenCoordinator.swift in Sources */ = {isa = PBXBuildFile; fileRef = 79B787FF2750B55C009D7655 /* EditScreenCoordinator.swift */; };
		79B788042750B55C009D7655 /* EditScreenViewController.swift in Sources */ = {isa = PBXBuildFile; fileRef = 79B788002750B55C009D7655 /* EditScreenViewController.swift */; };
		79B788052750B55C009D7655 /* EditScreenViewModel.swift in Sources */ = {isa = PBXBuildFile; fileRef = 79B788012750B55C009D7655 /* EditScreenViewModel.swift */; };
		79B788062750B55C009D7655 /* EditScreenViewController.xib in Resources */ = {isa = PBXBuildFile; fileRef = 79B788022750B55C009D7655 /* EditScreenViewController.xib */; };
		79F80FBC2752A93C00081C7A /* ServicesContainer.swift in Sources */ = {isa = PBXBuildFile; fileRef = 79F80FBB2752A93C00081C7A /* ServicesContainer.swift */; };
		79F80FC22752B00000081C7A /* UIImage+Extensions.swift in Sources */ = {isa = PBXBuildFile; fileRef = 79F80FC12752B00000081C7A /* UIImage+Extensions.swift */; };
		79F80FCC2752E62500081C7A /* ViewHierarchyDebugger.swift in Sources */ = {isa = PBXBuildFile; fileRef = 79F80FCB2752E62400081C7A /* ViewHierarchyDebugger.swift */; };
		79F913B42746501500771FFE /* AppDelegate.swift in Sources */ = {isa = PBXBuildFile; fileRef = 79F913B32746501500771FFE /* AppDelegate.swift */; };
		79F913B62746501500771FFE /* SceneDelegate.swift in Sources */ = {isa = PBXBuildFile; fileRef = 79F913B52746501500771FFE /* SceneDelegate.swift */; };
		79F913BD2746501900771FFE /* Assets.xcassets in Resources */ = {isa = PBXBuildFile; fileRef = 79F913BC2746501900771FFE /* Assets.xcassets */; };
		79F913C02746501900771FFE /* LaunchScreen.storyboard in Resources */ = {isa = PBXBuildFile; fileRef = 79F913BE2746501900771FFE /* LaunchScreen.storyboard */; };
/* End PBXBuildFile section */

/* Begin PBXFileReference section */
		79189DFF274672900023628A /* Logger.swift */ = {isa = PBXFileReference; fileEncoding = 4; lastKnownFileType = sourcecode.swift; path = Logger.swift; sourceTree = "<group>"; };
		79194A61275BA729003E2539 /* Constants.swift */ = {isa = PBXFileReference; lastKnownFileType = sourcecode.swift; path = Constants.swift; sourceTree = "<group>"; };
		79194A66275BABE5003E2539 /* PrintingOptionsManager.swift */ = {isa = PBXFileReference; lastKnownFileType = sourcecode.swift; path = PrintingOptionsManager.swift; sourceTree = "<group>"; };
		79194A69275BAE24003E2539 /* PrinterPickerManager.swift */ = {isa = PBXFileReference; lastKnownFileType = sourcecode.swift; path = PrinterPickerManager.swift; sourceTree = "<group>"; };
		79194A6D275BD568003E2539 /* PDFEditManager.swift */ = {isa = PBXFileReference; lastKnownFileType = sourcecode.swift; path = PDFEditManager.swift; sourceTree = "<group>"; };
		79194A73275BDA43003E2539 /* FileManager+Extensions.swift */ = {isa = PBXFileReference; lastKnownFileType = sourcecode.swift; path = "FileManager+Extensions.swift"; sourceTree = "<group>"; };
		79280E43274BD57D001768A2 /* UIViewController+Extensions.swift */ = {isa = PBXFileReference; lastKnownFileType = sourcecode.swift; path = "UIViewController+Extensions.swift"; sourceTree = "<group>"; };
		792D661027552DE300063F4B /* CameraScanManager.swift */ = {isa = PBXFileReference; lastKnownFileType = sourcecode.swift; path = CameraScanManager.swift; sourceTree = "<group>"; };
		792D66142755394000063F4B /* PhotoalbumManager.swift */ = {isa = PBXFileReference; lastKnownFileType = sourcecode.swift; path = PhotoalbumManager.swift; sourceTree = "<group>"; };
		792D661727553D6D00063F4B /* CloudFilesManager.swift */ = {isa = PBXFileReference; lastKnownFileType = sourcecode.swift; path = CloudFilesManager.swift; sourceTree = "<group>"; };
		793ADF542754DFAE00F58923 /* UserSession.swift */ = {isa = PBXFileReference; lastKnownFileType = sourcecode.swift; path = UserSession.swift; sourceTree = "<group>"; };
		793ADF592754E36100F58923 /* HomeScreenMenuCoordinator.swift */ = {isa = PBXFileReference; lastKnownFileType = sourcecode.swift; path = HomeScreenMenuCoordinator.swift; sourceTree = "<group>"; };
		793ADF5A2754E36100F58923 /* HomeScreenMenuViewController.swift */ = {isa = PBXFileReference; lastKnownFileType = sourcecode.swift; path = HomeScreenMenuViewController.swift; sourceTree = "<group>"; };
		793ADF5B2754E36100F58923 /* HomeScreenMenuViewModel.swift */ = {isa = PBXFileReference; lastKnownFileType = sourcecode.swift; path = HomeScreenMenuViewModel.swift; sourceTree = "<group>"; };
		793ADF5C2754E36100F58923 /* HomeScreenMenuViewController.xib */ = {isa = PBXFileReference; lastKnownFileType = file.xib; path = HomeScreenMenuViewController.xib; sourceTree = "<group>"; };
		7940AC852754F7890028B45F /* UIButton+Extensions.swift */ = {isa = PBXFileReference; lastKnownFileType = sourcecode.swift; path = "UIButton+Extensions.swift"; sourceTree = "<group>"; };
		79416D352759943000262593 /* Date+Extensions.swift */ = {isa = PBXFileReference; lastKnownFileType = sourcecode.swift; path = "Date+Extensions.swift"; sourceTree = "<group>"; };
		794DDDF0274D50FF00CF8255 /* ApplicationGlobalConfig.swift */ = {isa = PBXFileReference; lastKnownFileType = sourcecode.swift; path = ApplicationGlobalConfig.swift; sourceTree = "<group>"; };
		794F73DF2746B31D00B07410 /* MarketBoardDisplayManager.swift */ = {isa = PBXFileReference; fileEncoding = 4; lastKnownFileType = sourcecode.swift; path = MarketBoardDisplayManager.swift; sourceTree = "<group>"; };
		794F73E22746B36800B07410 /* UIView+Extensions.swift */ = {isa = PBXFileReference; fileEncoding = 4; lastKnownFileType = sourcecode.swift; path = "UIView+Extensions.swift"; sourceTree = "<group>"; };
		794F73E32746B36900B07410 /* Collection+Extensions.swift */ = {isa = PBXFileReference; fileEncoding = 4; lastKnownFileType = sourcecode.swift; path = "Collection+Extensions.swift"; sourceTree = "<group>"; };
		794F73E42746B36900B07410 /* UIBarButtonItem+Extensions.swift */ = {isa = PBXFileReference; fileEncoding = 4; lastKnownFileType = sourcecode.swift; path = "UIBarButtonItem+Extensions.swift"; sourceTree = "<group>"; };
		794F73E52746B36900B07410 /* UICollectionView+Extensions.swift */ = {isa = PBXFileReference; fileEncoding = 4; lastKnownFileType = sourcecode.swift; path = "UICollectionView+Extensions.swift"; sourceTree = "<group>"; };
		794F73E62746B36900B07410 /* Publisher+Extensions.swift */ = {isa = PBXFileReference; fileEncoding = 4; lastKnownFileType = sourcecode.swift; path = "Publisher+Extensions.swift"; sourceTree = "<group>"; };
		794F73E72746B36900B07410 /* KeyedDecodingContainer+Extensions.swift */ = {isa = PBXFileReference; fileEncoding = 4; lastKnownFileType = sourcecode.swift; path = "KeyedDecodingContainer+Extensions.swift"; sourceTree = "<group>"; };
		794F73E82746B36900B07410 /* UIControl+Extensions.swift */ = {isa = PBXFileReference; fileEncoding = 4; lastKnownFileType = sourcecode.swift; path = "UIControl+Extensions.swift"; sourceTree = "<group>"; };
		794F73F72746CEE200B07410 /* ___FILEBASENAME___Coordinator.swift */ = {isa = PBXFileReference; fileEncoding = 4; lastKnownFileType = sourcecode.swift; path = "___FILEBASENAME___Coordinator.swift"; sourceTree = "<group>"; };
		794F73F82746CEE200B07410 /* TemplateIcon@2x.png */ = {isa = PBXFileReference; lastKnownFileType = image.png; path = "TemplateIcon@2x.png"; sourceTree = "<group>"; };
		794F73F92746CEE200B07410 /* ___FILEBASENAME___ViewController.swift */ = {isa = PBXFileReference; fileEncoding = 4; lastKnownFileType = sourcecode.swift; path = "___FILEBASENAME___ViewController.swift"; sourceTree = "<group>"; };
		794F73FA2746CEE200B07410 /* ___FILEBASENAME___ViewModel.swift */ = {isa = PBXFileReference; fileEncoding = 4; lastKnownFileType = sourcecode.swift; path = "___FILEBASENAME___ViewModel.swift"; sourceTree = "<group>"; };
		794F73FB2746CEE200B07410 /* ___FILEBASENAME___ViewController.xib */ = {isa = PBXFileReference; fileEncoding = 4; lastKnownFileType = file.xib; path = "___FILEBASENAME___ViewController.xib"; sourceTree = "<group>"; };
		794F73FC2746CEE200B07410 /* TemplateIcon.png */ = {isa = PBXFileReference; lastKnownFileType = image.png; path = TemplateIcon.png; sourceTree = "<group>"; };
		794F73FD2746CEE200B07410 /* TemplateInfo.plist */ = {isa = PBXFileReference; fileEncoding = 4; lastKnownFileType = text.plist.xml; path = TemplateInfo.plist; sourceTree = "<group>"; };
		795A1CB7275D12650097FA6E /* UIColor+Extensions.swift */ = {isa = PBXFileReference; lastKnownFileType = sourcecode.swift; path = "UIColor+Extensions.swift"; sourceTree = "<group>"; };
		7963FC4127466F6F007B8449 /* ApplicationCoordinator.swift */ = {isa = PBXFileReference; lastKnownFileType = sourcecode.swift; path = ApplicationCoordinator.swift; sourceTree = "<group>"; };
		7963FC4527466FAD007B8449 /* CoordinatorProtocol.swift */ = {isa = PBXFileReference; lastKnownFileType = sourcecode.swift; path = CoordinatorProtocol.swift; sourceTree = "<group>"; };
		79697CD2275AF1FC0056B0B0 /* WebpageViewController.swift */ = {isa = PBXFileReference; lastKnownFileType = sourcecode.swift; path = WebpageViewController.swift; sourceTree = "<group>"; };
		79697CD4275AF1FC0056B0B0 /* WebpageViewController.xib */ = {isa = PBXFileReference; lastKnownFileType = file.xib; path = WebpageViewController.xib; sourceTree = "<group>"; };
		796B1AD1275A0973005864B0 /* WebpageManager.swift */ = {isa = PBXFileReference; lastKnownFileType = sourcecode.swift; path = WebpageManager.swift; sourceTree = "<group>"; };
		796B1AD5275A127F005864B0 /* ColorPalette.swift */ = {isa = PBXFileReference; lastKnownFileType = sourcecode.swift; path = ColorPalette.swift; sourceTree = "<group>"; };
		796B1AD8275A12A0005864B0 /* Typealias.swift */ = {isa = PBXFileReference; lastKnownFileType = sourcecode.swift; path = Typealias.swift; sourceTree = "<group>"; };
		79763581274E88B9001D2155 /* InteractionFeedbackService.swift */ = {isa = PBXFileReference; fileEncoding = 4; lastKnownFileType = sourcecode.swift; path = InteractionFeedbackService.swift; sourceTree = "<group>"; };
		7983ECCB275092AF00B5C2AF /* PDFService.swift */ = {isa = PBXFileReference; lastKnownFileType = sourcecode.swift; path = PDFService.swift; sourceTree = "<group>"; };
		7983ECDE2750B0D500B5C2AF /* AirPrint-Bridging-Header.h */ = {isa = PBXFileReference; lastKnownFileType = sourcecode.c.h; path = "AirPrint-Bridging-Header.h"; sourceTree = "<group>"; };
		7983ECDF2750B0D500B5C2AF /* iCarousel.h */ = {isa = PBXFileReference; fileEncoding = 4; lastKnownFileType = sourcecode.c.h; path = iCarousel.h; sourceTree = "<group>"; };
		7983ECE02750B0D500B5C2AF /* iCarousel.m */ = {isa = PBXFileReference; fileEncoding = 4; lastKnownFileType = sourcecode.c.objc; path = iCarousel.m; sourceTree = "<group>"; };
		7997DE2F2753F82A00B33300 /* Poppins-ExtraLight.otf */ = {isa = PBXFileReference; lastKnownFileType = file; path = "Poppins-ExtraLight.otf"; sourceTree = "<group>"; };
		7997DE302753F82A00B33300 /* Poppins-Light.otf */ = {isa = PBXFileReference; lastKnownFileType = file; path = "Poppins-Light.otf"; sourceTree = "<group>"; };
		7997DE312753F82A00B33300 /* Poppins-Medium.otf */ = {isa = PBXFileReference; lastKnownFileType = file; path = "Poppins-Medium.otf"; sourceTree = "<group>"; };
		7997DE322753F82A00B33300 /* Poppins-SemiBold.otf */ = {isa = PBXFileReference; lastKnownFileType = file; path = "Poppins-SemiBold.otf"; sourceTree = "<group>"; };
		7997DE332753F82A00B33300 /* Poppins-Regular.otf */ = {isa = PBXFileReference; lastKnownFileType = file; path = "Poppins-Regular.otf"; sourceTree = "<group>"; };
		799AFB80274680EB00C37A6D /* ExampleCoordinator.swift */ = {isa = PBXFileReference; lastKnownFileType = sourcecode.swift; path = ExampleCoordinator.swift; sourceTree = "<group>"; };
		799AFB81274680EB00C37A6D /* ExampleViewController.swift */ = {isa = PBXFileReference; lastKnownFileType = sourcecode.swift; path = ExampleViewController.swift; sourceTree = "<group>"; };
		799AFB82274680EB00C37A6D /* ExampleViewModel.swift */ = {isa = PBXFileReference; lastKnownFileType = sourcecode.swift; path = ExampleViewModel.swift; sourceTree = "<group>"; };
		799AFB83274680EB00C37A6D /* ExampleViewController.xib */ = {isa = PBXFileReference; lastKnownFileType = file.xib; path = ExampleViewController.xib; sourceTree = "<group>"; };
		79A725A52750BE3B00D8B330 /* HomeCollectionManager.swift */ = {isa = PBXFileReference; lastKnownFileType = sourcecode.swift; path = HomeCollectionManager.swift; sourceTree = "<group>"; };
		79A725A92750BEA200D8B330 /* ResultPreviewSection.swift */ = {isa = PBXFileReference; lastKnownFileType = sourcecode.swift; path = ResultPreviewSection.swift; sourceTree = "<group>"; };
		79A725AF2750C41700D8B330 /* ResultPreviewCollectionCell.swift */ = {isa = PBXFileReference; lastKnownFileType = sourcecode.swift; path = ResultPreviewCollectionCell.swift; sourceTree = "<group>"; };
		79A725B02750C41700D8B330 /* ResultPreviewCollectionCell.xib */ = {isa = PBXFileReference; lastKnownFileType = file.xib; path = ResultPreviewCollectionCell.xib; sourceTree = "<group>"; };
		79A725B62750C6C900D8B330 /* PrintableDataBox.swift */ = {isa = PBXFileReference; lastKnownFileType = sourcecode.swift; path = PrintableDataBox.swift; sourceTree = "<group>"; };
		79B576F92754EC76006969F5 /* StylingConstants.swift */ = {isa = PBXFileReference; lastKnownFileType = sourcecode.swift; path = StylingConstants.swift; sourceTree = "<group>"; };
		79B787B12750B1E4009D7655 /* OnboardingCoordinator.swift */ = {isa = PBXFileReference; lastKnownFileType = sourcecode.swift; path = OnboardingCoordinator.swift; sourceTree = "<group>"; };
		79B787B22750B1E4009D7655 /* OnboardingViewController.swift */ = {isa = PBXFileReference; lastKnownFileType = sourcecode.swift; path = OnboardingViewController.swift; sourceTree = "<group>"; };
		79B787B32750B1E4009D7655 /* OnboardingViewModel.swift */ = {isa = PBXFileReference; lastKnownFileType = sourcecode.swift; path = OnboardingViewModel.swift; sourceTree = "<group>"; };
		79B787B42750B1E4009D7655 /* OnboardingViewController.xib */ = {isa = PBXFileReference; lastKnownFileType = file.xib; path = OnboardingViewController.xib; sourceTree = "<group>"; };
		79B787BD2750B21D009D7655 /* AppSubscriptionCoordinator.swift */ = {isa = PBXFileReference; lastKnownFileType = sourcecode.swift; path = AppSubscriptionCoordinator.swift; sourceTree = "<group>"; };
		79B787BE2750B21D009D7655 /* AppSubscriptionViewController.swift */ = {isa = PBXFileReference; lastKnownFileType = sourcecode.swift; path = AppSubscriptionViewController.swift; sourceTree = "<group>"; };
		79B787BF2750B21D009D7655 /* AppSubscriptionViewModel.swift */ = {isa = PBXFileReference; lastKnownFileType = sourcecode.swift; path = AppSubscriptionViewModel.swift; sourceTree = "<group>"; };
		79B787C02750B21D009D7655 /* AppSubscriptionViewController.xib */ = {isa = PBXFileReference; lastKnownFileType = file.xib; path = AppSubscriptionViewController.xib; sourceTree = "<group>"; };
		79B787C72750B250009D7655 /* PrintingOptionsCoordinator.swift */ = {isa = PBXFileReference; lastKnownFileType = sourcecode.swift; path = PrintingOptionsCoordinator.swift; sourceTree = "<group>"; };
		79B787C82750B250009D7655 /* PrintingOptionsViewController.swift */ = {isa = PBXFileReference; lastKnownFileType = sourcecode.swift; path = PrintingOptionsViewController.swift; sourceTree = "<group>"; };
		79B787C92750B250009D7655 /* PrintingOptionsViewModel.swift */ = {isa = PBXFileReference; lastKnownFileType = sourcecode.swift; path = PrintingOptionsViewModel.swift; sourceTree = "<group>"; };
		79B787CA2750B250009D7655 /* PrintingOptionsViewController.xib */ = {isa = PBXFileReference; lastKnownFileType = file.xib; path = PrintingOptionsViewController.xib; sourceTree = "<group>"; };
		79B787DB2750B2FD009D7655 /* SettingsCoordinator.swift */ = {isa = PBXFileReference; lastKnownFileType = sourcecode.swift; path = SettingsCoordinator.swift; sourceTree = "<group>"; };
		79B787DC2750B2FD009D7655 /* SettingsViewController.swift */ = {isa = PBXFileReference; lastKnownFileType = sourcecode.swift; path = SettingsViewController.swift; sourceTree = "<group>"; };
		79B787DD2750B2FD009D7655 /* SettingsViewModel.swift */ = {isa = PBXFileReference; lastKnownFileType = sourcecode.swift; path = SettingsViewModel.swift; sourceTree = "<group>"; };
		79B787DE2750B2FD009D7655 /* SettingsViewController.xib */ = {isa = PBXFileReference; lastKnownFileType = file.xib; path = SettingsViewController.xib; sourceTree = "<group>"; };
		79B787F22750B429009D7655 /* HomeScreenCoordinator.swift */ = {isa = PBXFileReference; lastKnownFileType = sourcecode.swift; path = HomeScreenCoordinator.swift; sourceTree = "<group>"; };
		79B787F32750B429009D7655 /* HomeScreenViewController.swift */ = {isa = PBXFileReference; lastKnownFileType = sourcecode.swift; path = HomeScreenViewController.swift; sourceTree = "<group>"; };
		79B787F42750B429009D7655 /* HomeScreenViewModel.swift */ = {isa = PBXFileReference; lastKnownFileType = sourcecode.swift; path = HomeScreenViewModel.swift; sourceTree = "<group>"; };
		79B787F52750B429009D7655 /* HomeScreenViewController.xib */ = {isa = PBXFileReference; lastKnownFileType = file.xib; path = HomeScreenViewController.xib; sourceTree = "<group>"; };
		79B787FF2750B55C009D7655 /* EditScreenCoordinator.swift */ = {isa = PBXFileReference; lastKnownFileType = sourcecode.swift; path = EditScreenCoordinator.swift; sourceTree = "<group>"; };
		79B788002750B55C009D7655 /* EditScreenViewController.swift */ = {isa = PBXFileReference; lastKnownFileType = sourcecode.swift; path = EditScreenViewController.swift; sourceTree = "<group>"; };
		79B788012750B55C009D7655 /* EditScreenViewModel.swift */ = {isa = PBXFileReference; lastKnownFileType = sourcecode.swift; path = EditScreenViewModel.swift; sourceTree = "<group>"; };
		79B788022750B55C009D7655 /* EditScreenViewController.xib */ = {isa = PBXFileReference; lastKnownFileType = file.xib; path = EditScreenViewController.xib; sourceTree = "<group>"; };
		79E4606C274D495F00FD22E1 /* PdfViewerCoordinator.swift */ = {isa = PBXFileReference; lastKnownFileType = sourcecode.swift; path = PdfViewerCoordinator.swift; sourceTree = "<group>"; };
		79E4606D274D495F00FD22E1 /* PdfViewerViewController.swift */ = {isa = PBXFileReference; lastKnownFileType = sourcecode.swift; path = PdfViewerViewController.swift; sourceTree = "<group>"; };
		79E4606E274D495F00FD22E1 /* PdfViewerViewModel.swift */ = {isa = PBXFileReference; lastKnownFileType = sourcecode.swift; path = PdfViewerViewModel.swift; sourceTree = "<group>"; };
		79E4606F274D495F00FD22E1 /* PdfViewerViewController.xib */ = {isa = PBXFileReference; lastKnownFileType = file.xib; path = PdfViewerViewController.xib; sourceTree = "<group>"; };
		79F80FBB2752A93C00081C7A /* ServicesContainer.swift */ = {isa = PBXFileReference; lastKnownFileType = sourcecode.swift; path = ServicesContainer.swift; sourceTree = "<group>"; };
		79F80FC12752B00000081C7A /* UIImage+Extensions.swift */ = {isa = PBXFileReference; lastKnownFileType = sourcecode.swift; path = "UIImage+Extensions.swift"; sourceTree = "<group>"; };
		79F80FCB2752E62400081C7A /* ViewHierarchyDebugger.swift */ = {isa = PBXFileReference; lastKnownFileType = sourcecode.swift; path = ViewHierarchyDebugger.swift; sourceTree = "<group>"; };
		79F913B02746501500771FFE /* AirPrint.app */ = {isa = PBXFileReference; explicitFileType = wrapper.application; includeInIndex = 0; path = AirPrint.app; sourceTree = BUILT_PRODUCTS_DIR; };
		79F913B32746501500771FFE /* AppDelegate.swift */ = {isa = PBXFileReference; lastKnownFileType = sourcecode.swift; path = AppDelegate.swift; sourceTree = "<group>"; };
		79F913B52746501500771FFE /* SceneDelegate.swift */ = {isa = PBXFileReference; lastKnownFileType = sourcecode.swift; path = SceneDelegate.swift; sourceTree = "<group>"; };
		79F913BC2746501900771FFE /* Assets.xcassets */ = {isa = PBXFileReference; lastKnownFileType = folder.assetcatalog; path = Assets.xcassets; sourceTree = "<group>"; };
		79F913BF2746501900771FFE /* Base */ = {isa = PBXFileReference; lastKnownFileType = file.storyboard; name = Base; path = Base.lproj/LaunchScreen.storyboard; sourceTree = "<group>"; };
		79F913C12746501900771FFE /* Info.plist */ = {isa = PBXFileReference; lastKnownFileType = text.plist.xml; path = Info.plist; sourceTree = "<group>"; };
/* End PBXFileReference section */

/* Begin PBXFrameworksBuildPhase section */
		79F913AD2746501500771FFE /* Frameworks */ = {
			isa = PBXFrameworksBuildPhase;
			buildActionMask = 2147483647;
			files = (
			);
			runOnlyForDeploymentPostprocessing = 0;
		};
/* End PBXFrameworksBuildPhase section */

/* Begin PBXGroup section */
		79189DFE274672420023628A /* Debug */ = {
			isa = PBXGroup;
			children = (
				79189DFF274672900023628A /* Logger.swift */,
				79F80FCB2752E62400081C7A /* ViewHierarchyDebugger.swift */,
			);
			path = Debug;
			sourceTree = "<group>";
		};
		79194A64275BA7D1003E2539 /* Entity */ = {
			isa = PBXGroup;
			children = (
				79194A66275BABE5003E2539 /* PrintingOptionsManager.swift */,
				79194A69275BAE24003E2539 /* PrinterPickerManager.swift */,
			);
			path = Entity;
			sourceTree = "<group>";
		};
		79194A6C275BD518003E2539 /* Entity */ = {
			isa = PBXGroup;
			children = (
				79194A6D275BD568003E2539 /* PDFEditManager.swift */,
			);
			path = Entity;
			sourceTree = "<group>";
		};
		792D660D27552D1D00063F4B /* Entity */ = {
			isa = PBXGroup;
			children = (
				792D661027552DE300063F4B /* CameraScanManager.swift */,
				792D66142755394000063F4B /* PhotoalbumManager.swift */,
				792D661727553D6D00063F4B /* CloudFilesManager.swift */,
				79A2804E275B266A00DD1AB1 /* WebPageFetcher */,
			);
			path = Entity;
			sourceTree = "<group>";
		};
		793ADF582754E23900F58923 /* MainMenu */ = {
			isa = PBXGroup;
			children = (
				793ADF5A2754E36100F58923 /* HomeScreenMenuViewController.swift */,
				793ADF5B2754E36100F58923 /* HomeScreenMenuViewModel.swift */,
				793ADF592754E36100F58923 /* HomeScreenMenuCoordinator.swift */,
				793ADF5C2754E36100F58923 /* HomeScreenMenuViewController.xib */,
			);
			path = MainMenu;
			sourceTree = "<group>";
		};
		79408321274D488600DFCAD6 /* PdfViewer */ = {
			isa = PBXGroup;
			children = (
				79E4606D274D495F00FD22E1 /* PdfViewerViewController.swift */,
				79E4606E274D495F00FD22E1 /* PdfViewerViewModel.swift */,
				79E4606C274D495F00FD22E1 /* PdfViewerCoordinator.swift */,
				79E4606F274D495F00FD22E1 /* PdfViewerViewController.xib */,
			);
			path = PdfViewer;
			sourceTree = "<group>";
		};
		79408322274D48C100DFCAD6 /* Scans */ = {
			isa = PBXGroup;
			children = (
				799AFB80274680EB00C37A6D /* ExampleCoordinator.swift */,
				799AFB81274680EB00C37A6D /* ExampleViewController.swift */,
				799AFB82274680EB00C37A6D /* ExampleViewModel.swift */,
				799AFB83274680EB00C37A6D /* ExampleViewController.xib */,
			);
			path = Scans;
			sourceTree = "<group>";
		};
		79480ADA275AF10D00A5A8E1 /* Controllers */ = {
			isa = PBXGroup;
			children = (
			);
			path = Controllers;
			sourceTree = "<group>";
		};
		794F73DB2746B1F500B07410 /* Services */ = {
			isa = PBXGroup;
			children = (
				79F80FBB2752A93C00081C7A /* ServicesContainer.swift */,
				793ADF542754DFAE00F58923 /* UserSession.swift */,
				7983ECCB275092AF00B5C2AF /* PDFService.swift */,
				79763581274E88B9001D2155 /* InteractionFeedbackService.swift */,
			);
			path = Services;
			sourceTree = "<group>";
		};
		794F73DD2746B2CA00B07410 /* Examples */ = {
			isa = PBXGroup;
			children = (
				794F73DF2746B31D00B07410 /* MarketBoardDisplayManager.swift */,
			);
			path = Examples;
			sourceTree = "<group>";
		};
		794F73DE2746B2DE00B07410 /* Extensions */ = {
			isa = PBXGroup;
			children = (
				794F73E32746B36900B07410 /* Collection+Extensions.swift */,
				794F73E72746B36900B07410 /* KeyedDecodingContainer+Extensions.swift */,
				794F73E62746B36900B07410 /* Publisher+Extensions.swift */,
				794F73E42746B36900B07410 /* UIBarButtonItem+Extensions.swift */,
				794F73E52746B36900B07410 /* UICollectionView+Extensions.swift */,
				794F73E82746B36900B07410 /* UIControl+Extensions.swift */,
				794F73E22746B36800B07410 /* UIView+Extensions.swift */,
				79280E43274BD57D001768A2 /* UIViewController+Extensions.swift */,
				79F80FC12752B00000081C7A /* UIImage+Extensions.swift */,
				7940AC852754F7890028B45F /* UIButton+Extensions.swift */,
				79416D352759943000262593 /* Date+Extensions.swift */,
				79194A73275BDA43003E2539 /* FileManager+Extensions.swift */,
				795A1CB7275D12650097FA6E /* UIColor+Extensions.swift */,
			);
			path = Extensions;
			sourceTree = "<group>";
		};
		794F73F52746CEA000B07410 /* ModuleTemplates */ = {
			isa = PBXGroup;
			children = (
				794F73F62746CEE200B07410 /* MVVM+C.xctemplate */,
			);
			path = ModuleTemplates;
			sourceTree = "<group>";
		};
		794F73F62746CEE200B07410 /* MVVM+C.xctemplate */ = {
			isa = PBXGroup;
			children = (
				794F73F72746CEE200B07410 /* ___FILEBASENAME___Coordinator.swift */,
				794F73F92746CEE200B07410 /* ___FILEBASENAME___ViewController.swift */,
				794F73FA2746CEE200B07410 /* ___FILEBASENAME___ViewModel.swift */,
				794F73FB2746CEE200B07410 /* ___FILEBASENAME___ViewController.xib */,
				794F73F82746CEE200B07410 /* TemplateIcon@2x.png */,
				794F73FC2746CEE200B07410 /* TemplateIcon.png */,
				794F73FD2746CEE200B07410 /* TemplateInfo.plist */,
			);
			path = "MVVM+C.xctemplate";
			sourceTree = "<group>";
		};
		7963FC4427466F7C007B8449 /* Protocols */ = {
			isa = PBXGroup;
			children = (
				7963FC4527466FAD007B8449 /* CoordinatorProtocol.swift */,
			);
			path = Protocols;
			sourceTree = "<group>";
		};
		7983ECDD2750B06400B5C2AF /* CarouselView */ = {
			isa = PBXGroup;
			children = (
				7983ECDF2750B0D500B5C2AF /* iCarousel.h */,
				7983ECE02750B0D500B5C2AF /* iCarousel.m */,
				7983ECDE2750B0D500B5C2AF /* AirPrint-Bridging-Header.h */,
			);
			path = CarouselView;
			sourceTree = "<group>";
		};
		7997DE2C2753F81C00B33300 /* Fonts */ = {
			isa = PBXGroup;
			children = (
				7997DE2D2753F82A00B33300 /* poppins */,
			);
			path = Fonts;
			sourceTree = "<group>";
		};
		7997DE2D2753F82A00B33300 /* poppins */ = {
			isa = PBXGroup;
			children = (
				7997DE2F2753F82A00B33300 /* Poppins-ExtraLight.otf */,
				7997DE302753F82A00B33300 /* Poppins-Light.otf */,
				7997DE312753F82A00B33300 /* Poppins-Medium.otf */,
				7997DE322753F82A00B33300 /* Poppins-SemiBold.otf */,
				7997DE332753F82A00B33300 /* Poppins-Regular.otf */,
			);
			path = poppins;
			sourceTree = "<group>";
		};
		79A2804E275B266A00DD1AB1 /* WebPageFetcher */ = {
			isa = PBXGroup;
			children = (
				796B1AD1275A0973005864B0 /* WebpageManager.swift */,
				79697CD2275AF1FC0056B0B0 /* WebpageViewController.swift */,
				79697CD4275AF1FC0056B0B0 /* WebpageViewController.xib */,
			);
			path = WebPageFetcher;
			sourceTree = "<group>";
		};
		79A725A82750BE6F00D8B330 /* Model */ = {
			isa = PBXGroup;
			children = (
				79A725A92750BEA200D8B330 /* ResultPreviewSection.swift */,
			);
			path = Model;
			sourceTree = "<group>";
		};
		79A725AE2750C3C700D8B330 /* View */ = {
			isa = PBXGroup;
			children = (
				79A725AF2750C41700D8B330 /* ResultPreviewCollectionCell.swift */,
				79A725B02750C41700D8B330 /* ResultPreviewCollectionCell.xib */,
			);
			path = View;
			sourceTree = "<group>";
		};
		79B576FC2754EC7D006969F5 /* Constants */ = {
			isa = PBXGroup;
			children = (
				79B576F92754EC76006969F5 /* StylingConstants.swift */,
				796B1AD5275A127F005864B0 /* ColorPalette.swift */,
				796B1AD8275A12A0005864B0 /* Typealias.swift */,
				79194A61275BA729003E2539 /* Constants.swift */,
			);
			path = Constants;
			sourceTree = "<group>";
		};
		79B787BA2750B1ED009D7655 /* Onboarding */ = {
			isa = PBXGroup;
			children = (
				79B787B12750B1E4009D7655 /* OnboardingCoordinator.swift */,
				79B787B22750B1E4009D7655 /* OnboardingViewController.swift */,
				79B787B32750B1E4009D7655 /* OnboardingViewModel.swift */,
				79B787B42750B1E4009D7655 /* OnboardingViewController.xib */,
			);
			path = Onboarding;
			sourceTree = "<group>";
		};
		79B787BC2750B1F7009D7655 /* AppSubscription */ = {
			isa = PBXGroup;
			children = (
				79B787BD2750B21D009D7655 /* AppSubscriptionCoordinator.swift */,
				79B787BE2750B21D009D7655 /* AppSubscriptionViewController.swift */,
				79B787BF2750B21D009D7655 /* AppSubscriptionViewModel.swift */,
				79B787C02750B21D009D7655 /* AppSubscriptionViewController.xib */,
			);
			path = AppSubscription;
			sourceTree = "<group>";
		};
		79B787C62750B223009D7655 /* PrintingOptions */ = {
			isa = PBXGroup;
			children = (
				79B787C82750B250009D7655 /* PrintingOptionsViewController.swift */,
				79B787C92750B250009D7655 /* PrintingOptionsViewModel.swift */,
				79B787C72750B250009D7655 /* PrintingOptionsCoordinator.swift */,
				79B787CA2750B250009D7655 /* PrintingOptionsViewController.xib */,
				79194A64275BA7D1003E2539 /* Entity */,
			);
			path = PrintingOptions;
			sourceTree = "<group>";
		};
		79B787DA2750B2EA009D7655 /* Settings */ = {
			isa = PBXGroup;
			children = (
				79B787DB2750B2FD009D7655 /* SettingsCoordinator.swift */,
				79B787DC2750B2FD009D7655 /* SettingsViewController.swift */,
				79B787DD2750B2FD009D7655 /* SettingsViewModel.swift */,
				79B787DE2750B2FD009D7655 /* SettingsViewController.xib */,
			);
			path = Settings;
			sourceTree = "<group>";
		};
		79B787EF2750B378009D7655 /* SandboxModules */ = {
			isa = PBXGroup;
			children = (
				79408321274D488600DFCAD6 /* PdfViewer */,
				79408322274D48C100DFCAD6 /* Scans */,
			);
			path = SandboxModules;
			sourceTree = "<group>";
		};
		79B787F12750B402009D7655 /* HomeScreen */ = {
			isa = PBXGroup;
			children = (
				79B787F32750B429009D7655 /* HomeScreenViewController.swift */,
				79B787F42750B429009D7655 /* HomeScreenViewModel.swift */,
				79A725A52750BE3B00D8B330 /* HomeCollectionManager.swift */,
				79B787F22750B429009D7655 /* HomeScreenCoordinator.swift */,
				79B787F52750B429009D7655 /* HomeScreenViewController.xib */,
				79A725AE2750C3C700D8B330 /* View */,
				793ADF582754E23900F58923 /* MainMenu */,
				79A725A82750BE6F00D8B330 /* Model */,
				792D660D27552D1D00063F4B /* Entity */,
			);
			path = HomeScreen;
			sourceTree = "<group>";
		};
		79B787FD2750B540009D7655 /* EditScreen */ = {
			isa = PBXGroup;
			children = (
				79B788002750B55C009D7655 /* EditScreenViewController.swift */,
				79B788012750B55C009D7655 /* EditScreenViewModel.swift */,
				79B787FF2750B55C009D7655 /* EditScreenCoordinator.swift */,
				79B788022750B55C009D7655 /* EditScreenViewController.xib */,
				79194A6C275BD518003E2539 /* Entity */,
			);
			path = EditScreen;
			sourceTree = "<group>";
		};
		79DCEF9B275B9266007BC160 /* Model */ = {
			isa = PBXGroup;
			children = (
				79A725B62750C6C900D8B330 /* PrintableDataBox.swift */,
			);
			path = Model;
			sourceTree = "<group>";
		};
		79F913A72746501500771FFE = {
			isa = PBXGroup;
			children = (
				79F913C82746502300771FFE /* Application */,
				79F913CD274652E200771FFE /* Source */,
				79F913B22746501500771FFE /* Module */,
				79F913C92746509E00771FFE /* Resources */,
				79F913B12746501500771FFE /* Products */,
			);
			sourceTree = "<group>";
		};
		79F913B12746501500771FFE /* Products */ = {
			isa = PBXGroup;
			children = (
				79F913B02746501500771FFE /* AirPrint.app */,
			);
			name = Products;
			sourceTree = "<group>";
		};
		79F913B22746501500771FFE /* Module */ = {
			isa = PBXGroup;
			children = (
				79B787BA2750B1ED009D7655 /* Onboarding */,
				79B787BC2750B1F7009D7655 /* AppSubscription */,
				79B787F12750B402009D7655 /* HomeScreen */,
				79B787FD2750B540009D7655 /* EditScreen */,
				79B787C62750B223009D7655 /* PrintingOptions */,
				79B787DA2750B2EA009D7655 /* Settings */,
				79B787EF2750B378009D7655 /* SandboxModules */,
			);
			path = Module;
			sourceTree = "<group>";
		};
		79F913C82746502300771FFE /* Application */ = {
			isa = PBXGroup;
			children = (
				79F913B32746501500771FFE /* AppDelegate.swift */,
				794DDDF0274D50FF00CF8255 /* ApplicationGlobalConfig.swift */,
				7963FC4127466F6F007B8449 /* ApplicationCoordinator.swift */,
				79F913B52746501500771FFE /* SceneDelegate.swift */,
				79F913BE2746501900771FFE /* LaunchScreen.storyboard */,
				79F913C12746501900771FFE /* Info.plist */,
			);
			path = Application;
			sourceTree = "<group>";
		};
		79F913C92746509E00771FFE /* Resources */ = {
			isa = PBXGroup;
			children = (
				7997DE2C2753F81C00B33300 /* Fonts */,
				79F913BC2746501900771FFE /* Assets.xcassets */,
			);
			path = Resources;
			sourceTree = "<group>";
		};
		79F913CD274652E200771FFE /* Source */ = {
			isa = PBXGroup;
			children = (
				79DCEF9B275B9266007BC160 /* Model */,
				79480ADA275AF10D00A5A8E1 /* Controllers */,
				79B576FC2754EC7D006969F5 /* Constants */,
				7983ECDD2750B06400B5C2AF /* CarouselView */,
				794F73F52746CEA000B07410 /* ModuleTemplates */,
				794F73DE2746B2DE00B07410 /* Extensions */,
				794F73DD2746B2CA00B07410 /* Examples */,
				794F73DB2746B1F500B07410 /* Services */,
				79189DFE274672420023628A /* Debug */,
				7963FC4427466F7C007B8449 /* Protocols */,
			);
			path = Source;
			sourceTree = "<group>";
		};
/* End PBXGroup section */

/* Begin PBXNativeTarget section */
		79F913AF2746501500771FFE /* AirPrint */ = {
			isa = PBXNativeTarget;
			buildConfigurationList = 79F913C42746501900771FFE /* Build configuration list for PBXNativeTarget "AirPrint" */;
			buildPhases = (
				79F913AC2746501500771FFE /* Sources */,
				79F913AD2746501500771FFE /* Frameworks */,
				79F913AE2746501500771FFE /* Resources */,
			);
			buildRules = (
			);
			dependencies = (
			);
			name = AirPrint;
			productName = Jiggle;
			productReference = 79F913B02746501500771FFE /* AirPrint.app */;
			productType = "com.apple.product-type.application";
		};
/* End PBXNativeTarget section */

/* Begin PBXProject section */
		79F913A82746501500771FFE /* Project object */ = {
			isa = PBXProject;
			attributes = {
				LastSwiftUpdateCheck = 1210;
				LastUpgradeCheck = 1210;
				TargetAttributes = {
					79F913AF2746501500771FFE = {
						CreatedOnToolsVersion = 12.1;
						LastSwiftMigration = 1210;
					};
				};
			};
			buildConfigurationList = 79F913AB2746501500771FFE /* Build configuration list for PBXProject "AirPrint" */;
			compatibilityVersion = "Xcode 9.3";
			developmentRegion = en;
			hasScannedForEncodings = 0;
			knownRegions = (
				en,
				Base,
			);
			mainGroup = 79F913A72746501500771FFE;
			productRefGroup = 79F913B12746501500771FFE /* Products */;
			projectDirPath = "";
			projectRoot = "";
			targets = (
				79F913AF2746501500771FFE /* AirPrint */,
			);
		};
/* End PBXProject section */

/* Begin PBXResourcesBuildPhase section */
		79F913AE2746501500771FFE /* Resources */ = {
			isa = PBXResourcesBuildPhase;
			buildActionMask = 2147483647;
			files = (
				7997DE372753F82A00B33300 /* Poppins-Medium.otf in Resources */,
				79B787CE2750B250009D7655 /* PrintingOptionsViewController.xib in Resources */,
				7997DE362753F82A00B33300 /* Poppins-Light.otf in Resources */,
				79A725B22750C41700D8B330 /* ResultPreviewCollectionCell.xib in Resources */,
				79697CD8275AF1FC0056B0B0 /* WebpageViewController.xib in Resources */,
				79F913C02746501900771FFE /* LaunchScreen.storyboard in Resources */,
				79B787C42750B21D009D7655 /* AppSubscriptionViewController.xib in Resources */,
				7997DE392753F82A00B33300 /* Poppins-Regular.otf in Resources */,
				79F913BD2746501900771FFE /* Assets.xcassets in Resources */,
				793ADF602754E36100F58923 /* HomeScreenMenuViewController.xib in Resources */,
				79B787F92750B429009D7655 /* HomeScreenViewController.xib in Resources */,
				7997DE352753F82A00B33300 /* Poppins-ExtraLight.otf in Resources */,
				79B788062750B55C009D7655 /* EditScreenViewController.xib in Resources */,
				79B787B82750B1E4009D7655 /* OnboardingViewController.xib in Resources */,
				79B787E22750B2FD009D7655 /* SettingsViewController.xib in Resources */,
				7997DE382753F82A00B33300 /* Poppins-SemiBold.otf in Resources */,
			);
			runOnlyForDeploymentPostprocessing = 0;
		};
/* End PBXResourcesBuildPhase section */

/* Begin PBXSourcesBuildPhase section */
		79F913AC2746501500771FFE /* Sources */ = {
			isa = PBXSourcesBuildPhase;
			buildActionMask = 2147483647;
			files = (
				7940AC862754F7890028B45F /* UIButton+Extensions.swift in Sources */,
				794F73EB2746B36900B07410 /* UIBarButtonItem+Extensions.swift in Sources */,
				79F913B42746501500771FFE /* AppDelegate.swift in Sources */,
				79B576FA2754EC76006969F5 /* StylingConstants.swift in Sources */,
				79A725B12750C41700D8B330 /* ResultPreviewCollectionCell.swift in Sources */,
				79B787C22750B21D009D7655 /* AppSubscriptionViewController.swift in Sources */,
				794F73ED2746B36900B07410 /* Publisher+Extensions.swift in Sources */,
				792D661127552DE300063F4B /* CameraScanManager.swift in Sources */,
				79F80FBC2752A93C00081C7A /* ServicesContainer.swift in Sources */,
				792D661827553D6D00063F4B /* CloudFilesManager.swift in Sources */,
				79194A6E275BD568003E2539 /* PDFEditManager.swift in Sources */,
				79B787CC2750B250009D7655 /* PrintingOptionsViewController.swift in Sources */,
				79B787B62750B1E4009D7655 /* OnboardingViewController.swift in Sources */,
				794F73E92746B36900B07410 /* UIView+Extensions.swift in Sources */,
				79280E44274BD57D001768A2 /* UIViewController+Extensions.swift in Sources */,
				79B787F72750B429009D7655 /* HomeScreenViewController.swift in Sources */,
				79B787C12750B21D009D7655 /* AppSubscriptionCoordinator.swift in Sources */,
				79194A62275BA729003E2539 /* Constants.swift in Sources */,
				7983ECCC275092AF00B5C2AF /* PDFService.swift in Sources */,
				79F80FCC2752E62500081C7A /* ViewHierarchyDebugger.swift in Sources */,
				796B1AD9275A12A0005864B0 /* Typealias.swift in Sources */,
				79B788032750B55C009D7655 /* EditScreenCoordinator.swift in Sources */,
				79B787E12750B2FD009D7655 /* SettingsViewModel.swift in Sources */,
				79A725B72750C6C900D8B330 /* PrintableDataBox.swift in Sources */,
				79B787C32750B21D009D7655 /* AppSubscriptionViewModel.swift in Sources */,
				79B787DF2750B2FD009D7655 /* SettingsCoordinator.swift in Sources */,
				79194A67275BABE5003E2539 /* PrintingOptionsManager.swift in Sources */,
				79B788042750B55C009D7655 /* EditScreenViewController.swift in Sources */,
				79194A6A275BAE24003E2539 /* PrinterPickerManager.swift in Sources */,
				794DDDF1274D50FF00CF8255 /* ApplicationGlobalConfig.swift in Sources */,
				794F73EA2746B36900B07410 /* Collection+Extensions.swift in Sources */,
				7963FC4627466FAD007B8449 /* CoordinatorProtocol.swift in Sources */,
				79B787E02750B2FD009D7655 /* SettingsViewController.swift in Sources */,
				79189E00274672900023628A /* Logger.swift in Sources */,
				794F73EE2746B36900B07410 /* KeyedDecodingContainer+Extensions.swift in Sources */,
				792D66152755394000063F4B /* PhotoalbumManager.swift in Sources */,
				79B787F62750B429009D7655 /* HomeScreenCoordinator.swift in Sources */,
				79416D362759943000262593 /* Date+Extensions.swift in Sources */,
				793ADF5F2754E36100F58923 /* HomeScreenMenuViewModel.swift in Sources */,
				794F73E02746B31D00B07410 /* MarketBoardDisplayManager.swift in Sources */,
				794F73EC2746B36900B07410 /* UICollectionView+Extensions.swift in Sources */,
				79B788052750B55C009D7655 /* EditScreenViewModel.swift in Sources */,
				79F913B62746501500771FFE /* SceneDelegate.swift in Sources */,
				7963FC4227466F6F007B8449 /* ApplicationCoordinator.swift in Sources */,
				79B787CB2750B250009D7655 /* PrintingOptionsCoordinator.swift in Sources */,
				79480AD7275AE5A100A5A8E1 /* WebpageManager.swift in Sources */,
				79763582274E88B9001D2155 /* InteractionFeedbackService.swift in Sources */,
				793ADF552754DFAE00F58923 /* UserSession.swift in Sources */,
				79B787B72750B1E4009D7655 /* OnboardingViewModel.swift in Sources */,
				794F73EF2746B36900B07410 /* UIControl+Extensions.swift in Sources */,
				793ADF5D2754E36100F58923 /* HomeScreenMenuCoordinator.swift in Sources */,
				79A725A62750BE3B00D8B330 /* HomeCollectionManager.swift in Sources */,
				79697CD6275AF1FC0056B0B0 /* WebpageViewController.swift in Sources */,
				79B787CD2750B250009D7655 /* PrintingOptionsViewModel.swift in Sources */,
				796B1AD6275A127F005864B0 /* ColorPalette.swift in Sources */,
				79A725AA2750BEA200D8B330 /* ResultPreviewSection.swift in Sources */,
				79B787F82750B429009D7655 /* HomeScreenViewModel.swift in Sources */,
				793ADF5E2754E36100F58923 /* HomeScreenMenuViewController.swift in Sources */,
				79194A74275BDA43003E2539 /* FileManager+Extensions.swift in Sources */,
				79F80FC22752B00000081C7A /* UIImage+Extensions.swift in Sources */,
				795A1CB8275D12650097FA6E /* UIColor+Extensions.swift in Sources */,
				79B787B52750B1E4009D7655 /* OnboardingCoordinator.swift in Sources */,
			);
			runOnlyForDeploymentPostprocessing = 0;
		};
/* End PBXSourcesBuildPhase section */

/* Begin PBXVariantGroup section */
		79F913BE2746501900771FFE /* LaunchScreen.storyboard */ = {
			isa = PBXVariantGroup;
			children = (
				79F913BF2746501900771FFE /* Base */,
			);
			name = LaunchScreen.storyboard;
			sourceTree = "<group>";
		};
/* End PBXVariantGroup section */

/* Begin XCBuildConfiguration section */
		79F913C22746501900771FFE /* Debug */ = {
			isa = XCBuildConfiguration;
			buildSettings = {
				ALWAYS_SEARCH_USER_PATHS = NO;
				CLANG_ANALYZER_NONNULL = YES;
				CLANG_ANALYZER_NUMBER_OBJECT_CONVERSION = YES_AGGRESSIVE;
				CLANG_CXX_LANGUAGE_STANDARD = "gnu++14";
				CLANG_CXX_LIBRARY = "libc++";
				CLANG_ENABLE_MODULES = YES;
				CLANG_ENABLE_OBJC_ARC = YES;
				CLANG_ENABLE_OBJC_WEAK = YES;
				CLANG_WARN_BLOCK_CAPTURE_AUTORELEASING = YES;
				CLANG_WARN_BOOL_CONVERSION = YES;
				CLANG_WARN_COMMA = YES;
				CLANG_WARN_CONSTANT_CONVERSION = YES;
				CLANG_WARN_DEPRECATED_OBJC_IMPLEMENTATIONS = YES;
				CLANG_WARN_DIRECT_OBJC_ISA_USAGE = YES_ERROR;
				CLANG_WARN_DOCUMENTATION_COMMENTS = YES;
				CLANG_WARN_EMPTY_BODY = YES;
				CLANG_WARN_ENUM_CONVERSION = YES;
				CLANG_WARN_INFINITE_RECURSION = YES;
				CLANG_WARN_INT_CONVERSION = YES;
				CLANG_WARN_NON_LITERAL_NULL_CONVERSION = YES;
				CLANG_WARN_OBJC_IMPLICIT_RETAIN_SELF = YES;
				CLANG_WARN_OBJC_LITERAL_CONVERSION = YES;
				CLANG_WARN_OBJC_ROOT_CLASS = YES_ERROR;
				CLANG_WARN_QUOTED_INCLUDE_IN_FRAMEWORK_HEADER = YES;
				CLANG_WARN_RANGE_LOOP_ANALYSIS = YES;
				CLANG_WARN_STRICT_PROTOTYPES = YES;
				CLANG_WARN_SUSPICIOUS_MOVE = YES;
				CLANG_WARN_UNGUARDED_AVAILABILITY = YES_AGGRESSIVE;
				CLANG_WARN_UNREACHABLE_CODE = YES;
				CLANG_WARN__DUPLICATE_METHOD_MATCH = YES;
				COPY_PHASE_STRIP = NO;
				DEBUG_INFORMATION_FORMAT = dwarf;
				ENABLE_STRICT_OBJC_MSGSEND = YES;
				ENABLE_TESTABILITY = YES;
				GCC_C_LANGUAGE_STANDARD = gnu11;
				GCC_DYNAMIC_NO_PIC = NO;
				GCC_NO_COMMON_BLOCKS = YES;
				GCC_OPTIMIZATION_LEVEL = 0;
				GCC_PREPROCESSOR_DEFINITIONS = (
					"DEBUG=1",
					"$(inherited)",
				);
				GCC_WARN_64_TO_32_BIT_CONVERSION = YES;
				GCC_WARN_ABOUT_RETURN_TYPE = YES_ERROR;
				GCC_WARN_UNDECLARED_SELECTOR = YES;
				GCC_WARN_UNINITIALIZED_AUTOS = YES_AGGRESSIVE;
				GCC_WARN_UNUSED_FUNCTION = YES;
				GCC_WARN_UNUSED_VARIABLE = YES;
				IPHONEOS_DEPLOYMENT_TARGET = 14.1;
				MTL_ENABLE_DEBUG_INFO = INCLUDE_SOURCE;
				MTL_FAST_MATH = YES;
				ONLY_ACTIVE_ARCH = YES;
				SDKROOT = iphoneos;
				SWIFT_ACTIVE_COMPILATION_CONDITIONS = DEBUG;
				SWIFT_OPTIMIZATION_LEVEL = "-Onone";
			};
			name = Debug;
		};
		79F913C32746501900771FFE /* Release */ = {
			isa = XCBuildConfiguration;
			buildSettings = {
				ALWAYS_SEARCH_USER_PATHS = NO;
				CLANG_ANALYZER_NONNULL = YES;
				CLANG_ANALYZER_NUMBER_OBJECT_CONVERSION = YES_AGGRESSIVE;
				CLANG_CXX_LANGUAGE_STANDARD = "gnu++14";
				CLANG_CXX_LIBRARY = "libc++";
				CLANG_ENABLE_MODULES = YES;
				CLANG_ENABLE_OBJC_ARC = YES;
				CLANG_ENABLE_OBJC_WEAK = YES;
				CLANG_WARN_BLOCK_CAPTURE_AUTORELEASING = YES;
				CLANG_WARN_BOOL_CONVERSION = YES;
				CLANG_WARN_COMMA = YES;
				CLANG_WARN_CONSTANT_CONVERSION = YES;
				CLANG_WARN_DEPRECATED_OBJC_IMPLEMENTATIONS = YES;
				CLANG_WARN_DIRECT_OBJC_ISA_USAGE = YES_ERROR;
				CLANG_WARN_DOCUMENTATION_COMMENTS = YES;
				CLANG_WARN_EMPTY_BODY = YES;
				CLANG_WARN_ENUM_CONVERSION = YES;
				CLANG_WARN_INFINITE_RECURSION = YES;
				CLANG_WARN_INT_CONVERSION = YES;
				CLANG_WARN_NON_LITERAL_NULL_CONVERSION = YES;
				CLANG_WARN_OBJC_IMPLICIT_RETAIN_SELF = YES;
				CLANG_WARN_OBJC_LITERAL_CONVERSION = YES;
				CLANG_WARN_OBJC_ROOT_CLASS = YES_ERROR;
				CLANG_WARN_QUOTED_INCLUDE_IN_FRAMEWORK_HEADER = YES;
				CLANG_WARN_RANGE_LOOP_ANALYSIS = YES;
				CLANG_WARN_STRICT_PROTOTYPES = YES;
				CLANG_WARN_SUSPICIOUS_MOVE = YES;
				CLANG_WARN_UNGUARDED_AVAILABILITY = YES_AGGRESSIVE;
				CLANG_WARN_UNREACHABLE_CODE = YES;
				CLANG_WARN__DUPLICATE_METHOD_MATCH = YES;
				COPY_PHASE_STRIP = NO;
				DEBUG_INFORMATION_FORMAT = "dwarf-with-dsym";
				ENABLE_NS_ASSERTIONS = NO;
				ENABLE_STRICT_OBJC_MSGSEND = YES;
				GCC_C_LANGUAGE_STANDARD = gnu11;
				GCC_NO_COMMON_BLOCKS = YES;
				GCC_WARN_64_TO_32_BIT_CONVERSION = YES;
				GCC_WARN_ABOUT_RETURN_TYPE = YES_ERROR;
				GCC_WARN_UNDECLARED_SELECTOR = YES;
				GCC_WARN_UNINITIALIZED_AUTOS = YES_AGGRESSIVE;
				GCC_WARN_UNUSED_FUNCTION = YES;
				GCC_WARN_UNUSED_VARIABLE = YES;
				IPHONEOS_DEPLOYMENT_TARGET = 14.1;
				MTL_ENABLE_DEBUG_INFO = NO;
				MTL_FAST_MATH = YES;
				SDKROOT = iphoneos;
				SWIFT_COMPILATION_MODE = wholemodule;
				SWIFT_OPTIMIZATION_LEVEL = "-O";
				VALIDATE_PRODUCT = YES;
			};
			name = Release;
		};
		79F913C52746501900771FFE /* Debug */ = {
			isa = XCBuildConfiguration;
			buildSettings = {
				ASSETCATALOG_COMPILER_APPICON_NAME = AppIcon;
				ASSETCATALOG_COMPILER_GLOBAL_ACCENT_COLOR_NAME = AccentColor;
				CLANG_ENABLE_MODULES = YES;
				CODE_SIGN_STYLE = Automatic;
				DEVELOPMENT_TEAM = C23K8VGFDE;
				INFOPLIST_FILE = "$(SRCROOT)/Application/Info.plist";
				IPHONEOS_DEPLOYMENT_TARGET = 14.1;
				LD_RUNPATH_SEARCH_PATHS = (
					"$(inherited)",
					"@executable_path/Frameworks",
				);
				PRODUCT_BUNDLE_IDENTIFIER = com.kefirtest;
				PRODUCT_NAME = "$(TARGET_NAME)";
				SWIFT_OBJC_BRIDGING_HEADER = "Source/CarouselView/AirPrint-Bridging-Header.h";
				SWIFT_OPTIMIZATION_LEVEL = "-Onone";
				SWIFT_VERSION = 5.0;
				TARGETED_DEVICE_FAMILY = "1,2";
			};
			name = Debug;
		};
		79F913C62746501900771FFE /* Release */ = {
			isa = XCBuildConfiguration;
			buildSettings = {
				ASSETCATALOG_COMPILER_APPICON_NAME = AppIcon;
				ASSETCATALOG_COMPILER_GLOBAL_ACCENT_COLOR_NAME = AccentColor;
				CLANG_ENABLE_MODULES = YES;
				CODE_SIGN_STYLE = Automatic;
				DEVELOPMENT_TEAM = C23K8VGFDE;
				INFOPLIST_FILE = "$(SRCROOT)/Application/Info.plist";
				IPHONEOS_DEPLOYMENT_TARGET = 14.1;
				LD_RUNPATH_SEARCH_PATHS = (
					"$(inherited)",
					"@executable_path/Frameworks",
				);
				PRODUCT_BUNDLE_IDENTIFIER = com.kefirtest;
				PRODUCT_NAME = "$(TARGET_NAME)";
				SWIFT_OBJC_BRIDGING_HEADER = "Source/CarouselView/AirPrint-Bridging-Header.h";
				SWIFT_VERSION = 5.0;
				TARGETED_DEVICE_FAMILY = "1,2";
			};
			name = Release;
		};
/* End XCBuildConfiguration section */

/* Begin XCConfigurationList section */
		79F913AB2746501500771FFE /* Build configuration list for PBXProject "AirPrint" */ = {
			isa = XCConfigurationList;
			buildConfigurations = (
				79F913C22746501900771FFE /* Debug */,
				79F913C32746501900771FFE /* Release */,
			);
			defaultConfigurationIsVisible = 0;
			defaultConfigurationName = Release;
		};
		79F913C42746501900771FFE /* Build configuration list for PBXNativeTarget "AirPrint" */ = {
			isa = XCConfigurationList;
			buildConfigurations = (
				79F913C52746501900771FFE /* Debug */,
				79F913C62746501900771FFE /* Release */,
			);
			defaultConfigurationIsVisible = 0;
			defaultConfigurationName = Release;
		};
/* End XCConfigurationList section */
	};
	rootObject = 79F913A82746501500771FFE /* Project object */;
}
